
Microsoft Visual Studio Solution File, Format Version 12.00
# Visual Studio Version 16
VisualStudioVersion = 16.0.30621.155
MinimumVisualStudioVersion = 10.0.40219.1
Project("{FAE04EC0-301F-11D3-BF4B-00C04F79EFBC}") = "Kutuphane", "Kutuphane.csproj", "{24DEA41B-ADBB-4970-BE29-B355E68B9560}"
EndProject
Global
	GlobalSection(SolutionConfigurationPlatforms) = preSolution
		Debug|Any CPU = Debug|Any CPU
		Release|Any CPU = Release|Any CPU
	EndGlobalSection
	GlobalSection(ProjectConfigurationPlatforms) = postSolution
		{24DEA41B-ADBB-4970-BE29-B355E68B9560}.Debug|Any CPU.ActiveCfg = Debug|Any CPU
		{24DEA41B-ADBB-4970-BE29-B355E68B9560}.Debug|Any CPU.Build.0 = Debug|Any CPU
		{24DEA41B-ADBB-4970-BE29-B355E68B9560}.Release|Any CPU.ActiveCfg = Release|Any CPU
		{24DEA41B-ADBB-4970-BE29-B355E68B9560}.Release|Any CPU.Build.0 = Release|Any CPU
	EndGlobalSection
	GlobalSection(SolutionProperties) = preSolution
		HideSolutionNode = FALSE
	EndGlobalSection
	GlobalSection(ExtensibilityGlobals) = postSolution
		SolutionGuid = {F02C377A-F1BB-48E1-915D-0644B70E67CC}
	EndGlobalSection
EndGlobal
